
Microsoft Visual Studio Solution File, Format Version 12.00
# Visual Studio Version 17
VisualStudioVersion = 17.7.34202.233
MinimumVisualStudioVersion = 10.0.40219.1
Project("{FAE04EC0-301F-11D3-BF4B-00C04F79EFBC}") = "KNV", "KNV\KNV.csproj", "{EE5856FD-611A-44B8-BB1F-7CAE98A578BA}"
EndProject
Global
	GlobalSection(SolutionConfigurationPlatforms) = preSolution
		Debug|Any CPU = Debug|Any CPU
		Release|Any CPU = Release|Any CPU
	EndGlobalSection
	GlobalSection(ProjectConfigurationPlatforms) = postSolution
		{EE5856FD-611A-44B8-BB1F-7CAE98A578BA}.Debug|Any CPU.ActiveCfg = Debug|Any CPU
		{EE5856FD-611A-44B8-BB1F-7CAE98A578BA}.Debug|Any CPU.Build.0 = Debug|Any CPU
		{EE5856FD-611A-44B8-BB1F-7CAE98A578BA}.Release|Any CPU.ActiveCfg = Release|Any CPU
		{EE5856FD-611A-44B8-BB1F-7CAE98A578BA}.Release|Any CPU.Build.0 = Release|Any CPU
	EndGlobalSection
	GlobalSection(SolutionProperties) = preSolution
		HideSolutionNode = FALSE
	EndGlobalSection
	GlobalSection(ExtensibilityGlobals) = postSolution
		SolutionGuid = {A6FFE76B-B743-4C55-BC47-71250E7B9526}
	EndGlobalSection
EndGlobal
