
Microsoft Visual Studio Solution File, Format Version 12.00
# Visual Studio Version 17
VisualStudioVersion = 17.7.34202.233
MinimumVisualStudioVersion = 10.0.40219.1
Project("{FAE04EC0-301F-11D3-BF4B-00C04F79EFBC}") = "Server", "Server\Server.csproj", "{E7577843-A8F0-4E1B-B613-5652901851E7}"
EndProject
Global
	GlobalSection(SolutionConfigurationPlatforms) = preSolution
		Debug|Any CPU = Debug|Any CPU
		Release|Any CPU = Release|Any CPU
	EndGlobalSection
	GlobalSection(ProjectConfigurationPlatforms) = postSolution
		{E7577843-A8F0-4E1B-B613-5652901851E7}.Debug|Any CPU.ActiveCfg = Debug|Any CPU
		{E7577843-A8F0-4E1B-B613-5652901851E7}.Debug|Any CPU.Build.0 = Debug|Any CPU
		{E7577843-A8F0-4E1B-B613-5652901851E7}.Release|Any CPU.ActiveCfg = Release|Any CPU
		{E7577843-A8F0-4E1B-B613-5652901851E7}.Release|Any CPU.Build.0 = Release|Any CPU
	EndGlobalSection
	GlobalSection(SolutionProperties) = preSolution
		HideSolutionNode = FALSE
	EndGlobalSection
	GlobalSection(ExtensibilityGlobals) = postSolution
		SolutionGuid = {8915C31B-6194-40FB-9B58-917979392C5D}
	EndGlobalSection
EndGlobal
